
Microsoft Visual Studio Solution File, Format Version 12.00
# Visual Studio 15
VisualStudioVersion = 15.0.27428.2037
MinimumVisualStudioVersion = 10.0.40219.1
Project("{FAE04EC0-301F-11D3-BF4B-00C04F79EFBC}") = "TopJobs.Web", "TopJobs.Web\TopJobs.Web.csproj", "{5688A089-D5C6-452E-BEAB-B682F86EC487}"
EndProject
Global
	GlobalSection(SolutionConfigurationPlatforms) = preSolution
		Debug|Any CPU = Debug|Any CPU
		Release|Any CPU = Release|Any CPU
	EndGlobalSection
	GlobalSection(ProjectConfigurationPlatforms) = postSolution
		{5688A089-D5C6-452E-BEAB-B682F86EC487}.Debug|Any CPU.ActiveCfg = Debug|Any CPU
		{5688A089-D5C6-452E-BEAB-B682F86EC487}.Debug|Any CPU.Build.0 = Debug|Any CPU
		{5688A089-D5C6-452E-BEAB-B682F86EC487}.Release|Any CPU.ActiveCfg = Release|Any CPU
		{5688A089-D5C6-452E-BEAB-B682F86EC487}.Release|Any CPU.Build.0 = Release|Any CPU
	EndGlobalSection
	GlobalSection(SolutionProperties) = preSolution
		HideSolutionNode = FALSE
	EndGlobalSection
	GlobalSection(ExtensibilityGlobals) = postSolution
		SolutionGuid = {EB887B62-7D4A-4864-B348-B9B2E0418B9A}
	EndGlobalSection
EndGlobal
